{
  "name": "HealingNodes",
  "lockfileVersion": 3,
  "requires": true,
  "packages": {
    "": {
      "dependencies": {
        "create-tauri-app": "^4.7.4"
      }
    },
    "node_modules/create-tauri-app": {
      "version": "4.7.4",
      "resolved": "https://registry.npmjs.org/create-tauri-app/-/create-tauri-app-4.7.4.tgz",
      "integrity": "sha512-7ZXpBxtl+eA3/ZFHWRbp+PpVxU78bpEqOJYa36Jw3mbgXq6GfsGAqDGtK5fEPHGtYwAjkFEDti4VHCauwEC4xg==",
      "license": "Apache-2.0 OR MIT",
      "bin": {
        "create-tauri-app": "create-tauri-app.js"
      },
      "engines": {
        "node": ">= 10"
      },
      "funding": {
        "type": "opencollective",
        "url": "https://opencollective.com/tauri"
      },
      "optionalDependencies": {
        "create-tauri-app-darwin-arm64": "4.7.4",
        "create-tauri-app-darwin-x64": "4.7.4",
        "create-tauri-app-linux-arm-gnueabihf": "4.7.4",
        "create-tauri-app-linux-arm64-gnu": "4.7.4",
        "create-tauri-app-linux-arm64-musl": "4.7.4",
        "create-tauri-app-linux-x64-gnu": "4.7.4",
        "create-tauri-app-linux-x64-musl": "4.7.4",
        "create-tauri-app-win32-arm64-msvc": "4.7.4",
        "create-tauri-app-win32-ia32-msvc": "4.7.4",
        "create-tauri-app-win32-x64-msvc": "4.7.4"
      }
    },
    "node_modules/create-tauri-app-darwin-arm64": {
      "version": "4.7.4",
      "resolved": "https://registry.npmjs.org/create-tauri-app-darwin-arm64/-/create-tauri-app-darwin-arm64-4.7.4.tgz",
      "integrity": "sha512-/9EhGCcfTYI4go/dFGa8rBZulwqYhz6kqlRtFZOcZaECiChry8xMRuEuFe1C3XLFIPBb0BE2uthZVF86binYyA==",
      "cpu": [
        "arm64"
      ],
      "license": "MIT",
      "optional": true,
      "os": [
        "darwin"
      ],
      "engines": {
        "node": ">= 10"
      }
    },
    "node_modules/create-tauri-app-darwin-x64": {
      "version": "4.7.4",
      "resolved": "https://registry.npmjs.org/create-tauri-app-darwin-x64/-/create-tauri-app-darwin-x64-4.7.4.tgz",
      "integrity": "sha512-0wXBSWcb6ONuLXMu8VgMYrbJCWjSJT86LP3sJhk+4EAjm1/eau+FE8MEUrftcJ+XLjmbbSaQ6IQoafiVhZloNQ==",
      "cpu": [
        "x64"
      ],
      "license": "MIT",
      "optional": true,
      "os": [
        "darwin"
      ],
      "engines": {
        "node": ">= 10"
      }
    },
    "node_modules/create-tauri-app-linux-arm-gnueabihf": {
      "version": "4.7.4",
      "resolved": "https://registry.npmjs.org/create-tauri-app-linux-arm-gnueabihf/-/create-tauri-app-linux-arm-gnueabihf-4.7.4.tgz",
      "integrity": "sha512-dnTMRbbWWpxBG7v08aXr37iGAuTZM6+AWyDJN3GD4Pu+r555hwN4Jv3wSBeDpo8bSnBMsUWJJDNu4LZDVZazyw==",
      "cpu": [
        "arm"
      ],
      "license": "MIT",
      "optional": true,
      "os": [
        "linux"
      ],
      "engines": {
        "node": ">= 10"
      }
    },
    "node_modules/create-tauri-app-linux-arm64-gnu": {
      "version": "4.7.4",
      "resolved": "https://registry.npmjs.org/create-tauri-app-linux-arm64-gnu/-/create-tauri-app-linux-arm64-gnu-4.7.4.tgz",
      "integrity": "sha512-4a39EEOEVGdqRvZVnRqWfLISrRTFNE5c2DDQ5SZUbhi1G6r7oOFtskRASd8JxZCu0r7EEov0TTS9W376X1DAmA==",
      "cpu": [
        "arm64"
      ],
      "libc": [
        "glibc"
      ],
      "license": "MIT",
      "optional": true,
      "os": [
        "linux"
      ],
      "engines": {
        "node": ">= 10"
      }
    },
    "node_modules/create-tauri-app-linux-arm64-musl": {
      "version": "4.7.4",
      "resolved": "https://registry.npmjs.org/create-tauri-app-linux-arm64-musl/-/create-tauri-app-linux-arm64-musl-4.7.4.tgz",
      "integrity": "sha512-VBtjQrV0v5+LLLjhe1kTRF6BZgSCepBzL0cAFVIVFvS3EsOMsjmTKBE2vDaqHKrbgzXtJ9Gic0SHlg8wXE+axg==",
      "cpu": [
        "arm64"
      ],
      "libc": [
        "musl"
      ],
      "license": "MIT",
      "optional": true,
      "os": [
        "linux"
      ],
      "engines": {
        "node": ">= 10"
      }
    },
    "node_modules/create-tauri-app-linux-x64-gnu": {
      "version": "4.7.4",
      "resolved": "https://registry.npmjs.org/create-tauri-app-linux-x64-gnu/-/create-tauri-app-linux-x64-gnu-4.7.4.tgz",
      "integrity": "sha512-v/TrW5+mTbsAOaqEeKB8VDjy4GcM5Nos/NxOYKZqStcTngJ7G7Av/unIIjZYcRmicxOysi8P+2b6MKxO9RG5Bg==",
      "cpu": [
        "x64"
      ],
      "libc": [
        "glibc"
      ],
      "license": "MIT",
      "optional": true,
      "os": [
        "linux"
      ],
      "engines": {
        "node": ">= 10"
      }
    },
    "node_modules/create-tauri-app-linux-x64-musl": {
      "version": "4.7.4",
      "resolved": "https://registry.npmjs.org/create-tauri-app-linux-x64-musl/-/create-tauri-app-linux-x64-musl-4.7.4.tgz",
      "integrity": "sha512-FK54cpl3uJeHkRgWMvXWxjJlUwb4uIcoJmoY3k4doAcWZwhl+t5ESUTm08Qj70K0nyqUaXLs+HIRKAjhMhvquw==",
      "cpu": [
        "x64"
      ],
      "libc": [
        "musl"
      ],
      "license": "MIT",
      "optional": true,
      "os": [
        "linux"
      ],
      "engines": {
        "node": ">= 10"
      }
    },
    "node_modules/create-tauri-app-win32-arm64-msvc": {
      "version": "4.7.4",
      "resolved": "https://registry.npmjs.org/create-tauri-app-win32-arm64-msvc/-/create-tauri-app-win32-arm64-msvc-4.7.4.tgz",
      "integrity": "sha512-CewUJfSSfV4QKkXCLPTY3/pSejphKhKlvU5aH4RJXZRwBYXXLGkrhIOB1Sy5m/XAE/S8c4PNINltQzVI8/VQpA==",
      "cpu": [
        "arm64"
      ],
      "license": "MIT",
      "optional": true,
      "os": [
        "win32"
      ],
      "engines": {
        "node": ">= 10"
      }
    },
    "node_modules/create-tauri-app-win32-ia32-msvc": {
      "version": "4.7.4",
      "resolved": "https://registry.npmjs.org/create-tauri-app-win32-ia32-msvc/-/create-tauri-app-win32-ia32-msvc-4.7.4.tgz",
      "integrity": "sha512-Tvo/J+Qu50NN9D6frJR/cv4LgmsJhz/rN1hPJ0KQliSTJhbsTZwqgtAAMXkv/g8dYc2CNv89XnXEKMBz9M6J5g==",
      "cpu": [
        "ia32"
      ],
      "license": "MIT",
      "optional": true,
      "os": [
        "win32"
      ],
      "engines": {
        "node": ">= 10"
      }
    },
    "node_modules/create-tauri-app-win32-x64-msvc": {
      "version": "4.7.4",
      "resolved": "https://registry.npmjs.org/create-tauri-app-win32-x64-msvc/-/create-tauri-app-win32-x64-msvc-4.7.4.tgz",
      "integrity": "sha512-yXx8rutgoVOMqzTX7n+9mW1/ZD1+hL5yOdL0kaTlXnuFkxQKxcjXGmgULSSBi1tJjQg+s6Y0fcTSyS+r/gXqVQ==",
      "cpu": [
        "x64"
      ],
      "license": "MIT",
      "optional": true,
      "os": [
        "win32"
      ],
      "engines": {
        "node": ">= 10"
      }
    }
  }
}
